{
  "name": "hue-cli",
  "version": "1.0.0",
  "lockfileVersion": 1,
  "requires": true,
  "dependencies": {
    "axios": {
      "version": "0.15.3",
      "resolved": "https://signiant.jfrog.io/signiant/api/npm/npm-virt/axios/-/axios-0.15.3.tgz",
      "integrity": "sha1-LJ1jiy4ZGgjqHWzJiOrda6W9wFM=",
      "requires": {
        "follow-redirects": "1.0.0"
      }
    },
    "commander": {
      "version": "2.15.1",
      "resolved": "https://signiant.jfrog.io/signiant/api/npm/npm-virt/commander/-/commander-2.15.1.tgz",
      "integrity": "sha1-30boZ9D8Kuxmo0ZitAapzK//Ww8="
    },
    "debug": {
      "version": "2.6.9",
      "resolved": "https://signiant.jfrog.io/signiant/api/npm/npm-virt/debug/-/debug-2.6.9.tgz",
      "integrity": "sha1-XRKFFd8TT/Mn6QpMk/Tgd6U2NB8=",
      "requires": {
        "ms": "2.0.0"
      }
    },
    "deep-extend": {
      "version": "0.4.2",
      "resolved": "https://signiant.jfrog.io/signiant/api/npm/npm-virt/deep-extend/-/deep-extend-0.4.2.tgz",
      "integrity": "sha1-SLaZwn4zS/ifEIkr5DL25MfTSn8="
    },
    "follow-redirects": {
      "version": "1.0.0",
      "resolved": "https://signiant.jfrog.io/signiant/api/npm/npm-virt/follow-redirects/-/follow-redirects-1.0.0.tgz",
      "integrity": "sha1-jjQpjL0uF28lTv/sdaHHjMhJ/Tc=",
      "requires": {
        "debug": "2.6.9"
      }
    },
    "lodash": {
      "version": "4.17.5",
      "resolved": "https://signiant.jfrog.io/signiant/api/npm/npm-virt/lodash/-/lodash-4.17.5.tgz",
      "integrity": "sha1-maktZcAnLevoyWtgV7yPv6O+1RE="
    },
    "ms": {
      "version": "2.0.0",
      "resolved": "https://signiant.jfrog.io/signiant/api/npm/npm-virt/ms/-/ms-2.0.0.tgz",
      "integrity": "sha1-VgiurfwAvmwpAd9fmGF4jeDVl8g="
    },
    "node-hue-api": {
      "version": "2.4.2",
      "resolved": "https://signiant.jfrog.io/signiant/api/npm/npm-virt/node-hue-api/-/node-hue-api-2.4.2.tgz",
      "integrity": "sha1-9yGrpBWmxKjQtMKvCrNpOfCrXLc=",
      "requires": {
        "axios": "0.15.3",
        "deep-extend": "0.4.2",
        "q": "1.4.1",
        "traits": "0.4.0",
        "xml2js": "0.4.19"
      }
    },
    "q": {
      "version": "1.4.1",
      "resolved": "https://signiant.jfrog.io/signiant/api/npm/npm-virt/q/-/q-1.4.1.tgz",
      "integrity": "sha1-VXBbzZPF82c1MMLCy8DCs63cKG4="
    },
    "sax": {
      "version": "1.2.4",
      "resolved": "https://signiant.jfrog.io/signiant/api/npm/npm-virt/sax/-/sax-1.2.4.tgz",
      "integrity": "sha1-KBYjTiN4vdxOU1T6tcqold9xANk="
    },
    "traits": {
      "version": "0.4.0",
      "resolved": "https://signiant.jfrog.io/signiant/api/npm/npm-virt/traits/-/traits-0.4.0.tgz",
      "integrity": "sha1-QW7cq9yL9kvSkQKnRT3N3YVzcaE="
    },
    "xml2js": {
      "version": "0.4.19",
      "resolved": "https://signiant.jfrog.io/signiant/api/npm/npm-virt/xml2js/-/xml2js-0.4.19.tgz",
      "integrity": "sha1-aGwg8hMgnpSr8NG88e+qKRx4J6c=",
      "requires": {
        "sax": "1.2.4",
        "xmlbuilder": "9.0.7"
      }
    },
    "xmlbuilder": {
      "version": "9.0.7",
      "resolved": "https://signiant.jfrog.io/signiant/api/npm/npm-virt/xmlbuilder/-/xmlbuilder-9.0.7.tgz",
      "integrity": "sha1-Ey7mPS7FVlxVfiD0wi35rKaGsQ0="
    }
  }
}
